
Microsoft Visual Studio Solution File, Format Version 12.00
# Visual Studio Version 16
VisualStudioVersion = 16.0.31911.196
MinimumVisualStudioVersion = 10.0.40219.1
Project("{9A19103F-16F7-4668-BE54-9A1E7A4F7556}") = "CodersLinkProjectWebApp", "CodersLinkProjectWebApp\CodersLinkProjectWebApp.csproj", "{2E277E08-F2D2-4ED2-9EF7-D71B77893DF3}"
	ProjectSection(ProjectDependencies) = postProject
		{867FE105-F691-4588-8A47-70244EE78D60} = {867FE105-F691-4588-8A47-70244EE78D60}
	EndProjectSection
EndProject
Project("{9A19103F-16F7-4668-BE54-9A1E7A4F7556}") = "CodersLinkProjectWebApi", "CodersLinkProjectWebApi\CodersLinkProjectWebApi.csproj", "{867FE105-F691-4588-8A47-70244EE78D60}"
EndProject
Global
	GlobalSection(SolutionConfigurationPlatforms) = preSolution
		Debug|Any CPU = Debug|Any CPU
		Release|Any CPU = Release|Any CPU
	EndGlobalSection
	GlobalSection(ProjectConfigurationPlatforms) = postSolution
		{2E277E08-F2D2-4ED2-9EF7-D71B77893DF3}.Debug|Any CPU.ActiveCfg = Debug|Any CPU
		{2E277E08-F2D2-4ED2-9EF7-D71B77893DF3}.Debug|Any CPU.Build.0 = Debug|Any CPU
		{2E277E08-F2D2-4ED2-9EF7-D71B77893DF3}.Release|Any CPU.ActiveCfg = Release|Any CPU
		{2E277E08-F2D2-4ED2-9EF7-D71B77893DF3}.Release|Any CPU.Build.0 = Release|Any CPU
		{867FE105-F691-4588-8A47-70244EE78D60}.Debug|Any CPU.ActiveCfg = Debug|Any CPU
		{867FE105-F691-4588-8A47-70244EE78D60}.Debug|Any CPU.Build.0 = Debug|Any CPU
		{867FE105-F691-4588-8A47-70244EE78D60}.Release|Any CPU.ActiveCfg = Release|Any CPU
		{867FE105-F691-4588-8A47-70244EE78D60}.Release|Any CPU.Build.0 = Release|Any CPU
	EndGlobalSection
	GlobalSection(SolutionProperties) = preSolution
		HideSolutionNode = FALSE
	EndGlobalSection
	GlobalSection(ExtensibilityGlobals) = postSolution
		SolutionGuid = {34D5589C-A2CA-42AC-BE4A-79C24D742649}
	EndGlobalSection
EndGlobal
